// !$*UTF8*$!
{
	archiveVersion = 1;
	classes = {
	};
	objectVersion = 46;
	objects = {

/* Begin PBXBuildFile section */
		7744F1211B0EB80100E0AE4F /* TTTGameViewController.m in Sources */ = {isa = PBXBuildFile; fileRef = 7744F1201B0EB80100E0AE4F /* TTTGameViewController.m */; };
		7744F1241B0EC71900E0AE4F /* TTTGridView.m in Sources */ = {isa = PBXBuildFile; fileRef = 7744F1231B0EC71900E0AE4F /* TTTGridView.m */; };
		77790C5E1B0CFF8A00E77D6E /* main.m in Sources */ = {isa = PBXBuildFile; fileRef = 77790C5D1B0CFF8A00E77D6E /* main.m */; };
		77790C611B0CFF8A00E77D6E /* AppDelegate.m in Sources */ = {isa = PBXBuildFile; fileRef = 77790C601B0CFF8A00E77D6E /* AppDelegate.m */; };
		77790C691B0CFF8A00E77D6E /* Images.xcassets in Resources */ = {isa = PBXBuildFile; fileRef = 77790C681B0CFF8A00E77D6E /* Images.xcassets */; };
		77790C6C1B0CFF8A00E77D6E /* LaunchScreen.xib in Resources */ = {isa = PBXBuildFile; fileRef = 77790C6A1B0CFF8A00E77D6E /* LaunchScreen.xib */; };
		7798A9111B0FCB8400F36A4A /* TTTCircleView.m in Sources */ = {isa = PBXBuildFile; fileRef = 7798A9101B0FCB8400F36A4A /* TTTCircleView.m */; };
		7798A9141B0FD0D100F36A4A /* TTTXView.m in Sources */ = {isa = PBXBuildFile; fileRef = 7798A9131B0FD0D100F36A4A /* TTTXView.m */; };
		7798A9171B0FD30D00F36A4A /* TTTGame.m in Sources */ = {isa = PBXBuildFile; fileRef = 7798A9161B0FD30D00F36A4A /* TTTGame.m */; };
		7798A91A1B0FD31800F36A4A /* TTTPlayer.m in Sources */ = {isa = PBXBuildFile; fileRef = 7798A9191B0FD31800F36A4A /* TTTPlayer.m */; };
		7798A91D1B10CF0F00F36A4A /* TTTGameBoard.m in Sources */ = {isa = PBXBuildFile; fileRef = 7798A91C1B10CF0F00F36A4A /* TTTGameBoard.m */; };
		7798A9211B10D52900F36A4A /* TTTConstants.m in Sources */ = {isa = PBXBuildFile; fileRef = 7798A9201B10D52900F36A4A /* TTTConstants.m */; };
		7798A9241B10D80C00F36A4A /* TTTGamePlayController.m in Sources */ = {isa = PBXBuildFile; fileRef = 7798A9231B10D80C00F36A4A /* TTTGamePlayController.m */; };
/* End PBXBuildFile section */

/* Begin PBXFileReference section */
		7744F11F1B0EB80100E0AE4F /* TTTGameViewController.h */ = {isa = PBXFileReference; fileEncoding = 4; lastKnownFileType = sourcecode.c.h; path = TTTGameViewController.h; sourceTree = "<group>"; };
		7744F1201B0EB80100E0AE4F /* TTTGameViewController.m */ = {isa = PBXFileReference; fileEncoding = 4; lastKnownFileType = sourcecode.c.objc; path = TTTGameViewController.m; sourceTree = "<group>"; };
		7744F1221B0EC71900E0AE4F /* TTTGridView.h */ = {isa = PBXFileReference; fileEncoding = 4; lastKnownFileType = sourcecode.c.h; path = TTTGridView.h; sourceTree = "<group>"; };
		7744F1231B0EC71900E0AE4F /* TTTGridView.m */ = {isa = PBXFileReference; fileEncoding = 4; lastKnownFileType = sourcecode.c.objc; path = TTTGridView.m; sourceTree = "<group>"; };
		77790C581B0CFF8900E77D6E /* TicTacToe.app */ = {isa = PBXFileReference; explicitFileType = wrapper.application; includeInIndex = 0; path = TicTacToe.app; sourceTree = BUILT_PRODUCTS_DIR; };
		77790C5C1B0CFF8A00E77D6E /* Info.plist */ = {isa = PBXFileReference; lastKnownFileType = text.plist.xml; path = Info.plist; sourceTree = "<group>"; };
		77790C5D1B0CFF8A00E77D6E /* main.m */ = {isa = PBXFileReference; lastKnownFileType = sourcecode.c.objc; path = main.m; sourceTree = "<group>"; };
		77790C5F1B0CFF8A00E77D6E /* AppDelegate.h */ = {isa = PBXFileReference; lastKnownFileType = sourcecode.c.h; path = AppDelegate.h; sourceTree = "<group>"; };
		77790C601B0CFF8A00E77D6E /* AppDelegate.m */ = {isa = PBXFileReference; lastKnownFileType = sourcecode.c.objc; path = AppDelegate.m; sourceTree = "<group>"; };
		77790C681B0CFF8A00E77D6E /* Images.xcassets */ = {isa = PBXFileReference; lastKnownFileType = folder.assetcatalog; path = Images.xcassets; sourceTree = "<group>"; };
		77790C6B1B0CFF8A00E77D6E /* Base */ = {isa = PBXFileReference; lastKnownFileType = file.xib; name = Base; path = Base.lproj/LaunchScreen.xib; sourceTree = "<group>"; };
		7798A90F1B0FCB8400F36A4A /* TTTCircleView.h */ = {isa = PBXFileReference; fileEncoding = 4; lastKnownFileType = sourcecode.c.h; path = TTTCircleView.h; sourceTree = "<group>"; };
		7798A9101B0FCB8400F36A4A /* TTTCircleView.m */ = {isa = PBXFileReference; fileEncoding = 4; lastKnownFileType = sourcecode.c.objc; path = TTTCircleView.m; sourceTree = "<group>"; };
		7798A9121B0FD0D100F36A4A /* TTTXView.h */ = {isa = PBXFileReference; fileEncoding = 4; lastKnownFileType = sourcecode.c.h; path = TTTXView.h; sourceTree = "<group>"; };
		7798A9131B0FD0D100F36A4A /* TTTXView.m */ = {isa = PBXFileReference; fileEncoding = 4; lastKnownFileType = sourcecode.c.objc; path = TTTXView.m; sourceTree = "<group>"; };
		7798A9151B0FD30D00F36A4A /* TTTGame.h */ = {isa = PBXFileReference; fileEncoding = 4; lastKnownFileType = sourcecode.c.h; path = TTTGame.h; sourceTree = "<group>"; };
		7798A9161B0FD30D00F36A4A /* TTTGame.m */ = {isa = PBXFileReference; fileEncoding = 4; lastKnownFileType = sourcecode.c.objc; path = TTTGame.m; sourceTree = "<group>"; };
		7798A9181B0FD31800F36A4A /* TTTPlayer.h */ = {isa = PBXFileReference; fileEncoding = 4; lastKnownFileType = sourcecode.c.h; path = TTTPlayer.h; sourceTree = "<group>"; };
		7798A9191B0FD31800F36A4A /* TTTPlayer.m */ = {isa = PBXFileReference; fileEncoding = 4; lastKnownFileType = sourcecode.c.objc; path = TTTPlayer.m; sourceTree = "<group>"; };
		7798A91B1B10CF0F00F36A4A /* TTTGameBoard.h */ = {isa = PBXFileReference; fileEncoding = 4; lastKnownFileType = sourcecode.c.h; path = TTTGameBoard.h; sourceTree = "<group>"; };
		7798A91C1B10CF0F00F36A4A /* TTTGameBoard.m */ = {isa = PBXFileReference; fileEncoding = 4; lastKnownFileType = sourcecode.c.objc; path = TTTGameBoard.m; sourceTree = "<group>"; };
		7798A91F1B10D52900F36A4A /* TTTConstants.h */ = {isa = PBXFileReference; fileEncoding = 4; lastKnownFileType = sourcecode.c.h; path = TTTConstants.h; sourceTree = "<group>"; };
		7798A9201B10D52900F36A4A /* TTTConstants.m */ = {isa = PBXFileReference; fileEncoding = 4; lastKnownFileType = sourcecode.c.objc; path = TTTConstants.m; sourceTree = "<group>"; };
		7798A9221B10D80C00F36A4A /* TTTGamePlayController.h */ = {isa = PBXFileReference; fileEncoding = 4; lastKnownFileType = sourcecode.c.h; path = TTTGamePlayController.h; sourceTree = "<group>"; };
		7798A9231B10D80C00F36A4A /* TTTGamePlayController.m */ = {isa = PBXFileReference; fileEncoding = 4; lastKnownFileType = sourcecode.c.objc; path = TTTGamePlayController.m; sourceTree = "<group>"; };
/* End PBXFileReference section */

/* Begin PBXFrameworksBuildPhase section */
		77790C551B0CFF8900E77D6E /* Frameworks */ = {
			isa = PBXFrameworksBuildPhase;
			buildActionMask = 2147483647;
			files = (
			);
			runOnlyForDeploymentPostprocessing = 0;
		};
/* End PBXFrameworksBuildPhase section */

/* Begin PBXGroup section */
		77790C4F1B0CFF8900E77D6E = {
			isa = PBXGroup;
			children = (
				77790C5A1B0CFF8900E77D6E /* TicTacToe */,
				77790C591B0CFF8900E77D6E /* Products */,
			);
			sourceTree = "<group>";
		};
		77790C591B0CFF8900E77D6E /* Products */ = {
			isa = PBXGroup;
			children = (
				77790C581B0CFF8900E77D6E /* TicTacToe.app */,
			);
			name = Products;
			sourceTree = "<group>";
		};
		77790C5A1B0CFF8900E77D6E /* TicTacToe */ = {
			isa = PBXGroup;
			children = (
				7798A91E1B10D4FB00F36A4A /* Util */,
				77790C831B0D015900E77D6E /* Controller */,
				77790C821B0D013300E77D6E /* View */,
				77790C811B0D012B00E77D6E /* Model */,
				77790C5F1B0CFF8A00E77D6E /* AppDelegate.h */,
				77790C601B0CFF8A00E77D6E /* AppDelegate.m */,
				77790C681B0CFF8A00E77D6E /* Images.xcassets */,
				77790C6A1B0CFF8A00E77D6E /* LaunchScreen.xib */,
				77790C5B1B0CFF8900E77D6E /* Supporting Files */,
			);
			path = TicTacToe;
			sourceTree = "<group>";
		};
		77790C5B1B0CFF8900E77D6E /* Supporting Files */ = {
			isa = PBXGroup;
			children = (
				77790C5C1B0CFF8A00E77D6E /* Info.plist */,
				77790C5D1B0CFF8A00E77D6E /* main.m */,
			);
			name = "Supporting Files";
			sourceTree = "<group>";
		};
		77790C811B0D012B00E77D6E /* Model */ = {
			isa = PBXGroup;
			children = (
				7798A9151B0FD30D00F36A4A /* TTTGame.h */,
				7798A9161B0FD30D00F36A4A /* TTTGame.m */,
				7798A9181B0FD31800F36A4A /* TTTPlayer.h */,
				7798A9191B0FD31800F36A4A /* TTTPlayer.m */,
				7798A91B1B10CF0F00F36A4A /* TTTGameBoard.h */,
				7798A91C1B10CF0F00F36A4A /* TTTGameBoard.m */,
			);
			name = Model;
			sourceTree = "<group>";
		};
		77790C821B0D013300E77D6E /* View */ = {
			isa = PBXGroup;
			children = (
				7744F1221B0EC71900E0AE4F /* TTTGridView.h */,
				7744F1231B0EC71900E0AE4F /* TTTGridView.m */,
				7798A90F1B0FCB8400F36A4A /* TTTCircleView.h */,
				7798A9101B0FCB8400F36A4A /* TTTCircleView.m */,
				7798A9121B0FD0D100F36A4A /* TTTXView.h */,
				7798A9131B0FD0D100F36A4A /* TTTXView.m */,
			);
			name = View;
			sourceTree = "<group>";
		};
		77790C831B0D015900E77D6E /* Controller */ = {
			isa = PBXGroup;
			children = (
				7744F11F1B0EB80100E0AE4F /* TTTGameViewController.h */,
				7744F1201B0EB80100E0AE4F /* TTTGameViewController.m */,
				7798A9221B10D80C00F36A4A /* TTTGamePlayController.h */,
				7798A9231B10D80C00F36A4A /* TTTGamePlayController.m */,
			);
			name = Controller;
			sourceTree = "<group>";
		};
		7798A91E1B10D4FB00F36A4A /* Util */ = {
			isa = PBXGroup;
			children = (
				7798A91F1B10D52900F36A4A /* TTTConstants.h */,
				7798A9201B10D52900F36A4A /* TTTConstants.m */,
			);
			name = Util;
			sourceTree = "<group>";
		};
/* End PBXGroup section */

/* Begin PBXNativeTarget section */
		77790C571B0CFF8900E77D6E /* TicTacToe */ = {
			isa = PBXNativeTarget;
			buildConfigurationList = 77790C7B1B0CFF8A00E77D6E /* Build configuration list for PBXNativeTarget "TicTacToe" */;
			buildPhases = (
				77790C541B0CFF8900E77D6E /* Sources */,
				77790C551B0CFF8900E77D6E /* Frameworks */,
				77790C561B0CFF8900E77D6E /* Resources */,
			);
			buildRules = (
			);
			dependencies = (
			);
			name = TicTacToe;
			productName = TicTacToe;
			productReference = 77790C581B0CFF8900E77D6E /* TicTacToe.app */;
			productType = "com.apple.product-type.application";
		};
/* End PBXNativeTarget section */

/* Begin PBXProject section */
		77790C501B0CFF8900E77D6E /* Project object */ = {
			isa = PBXProject;
			attributes = {
				LastUpgradeCheck = 0630;
				ORGANIZATIONNAME = TicTacToe;
				TargetAttributes = {
					77790C571B0CFF8900E77D6E = {
						CreatedOnToolsVersion = 6.3.1;
					};
				};
			};
			buildConfigurationList = 77790C531B0CFF8900E77D6E /* Build configuration list for PBXProject "TicTacToe" */;
			compatibilityVersion = "Xcode 3.2";
			developmentRegion = English;
			hasScannedForEncodings = 0;
			knownRegions = (
				en,
				Base,
			);
			mainGroup = 77790C4F1B0CFF8900E77D6E;
			productRefGroup = 77790C591B0CFF8900E77D6E /* Products */;
			projectDirPath = "";
			projectRoot = "";
			targets = (
				77790C571B0CFF8900E77D6E /* TicTacToe */,
			);
		};
/* End PBXProject section */

/* Begin PBXResourcesBuildPhase section */
		77790C561B0CFF8900E77D6E /* Resources */ = {
			isa = PBXResourcesBuildPhase;
			buildActionMask = 2147483647;
			files = (
				77790C6C1B0CFF8A00E77D6E /* LaunchScreen.xib in Resources */,
				77790C691B0CFF8A00E77D6E /* Images.xcassets in Resources */,
			);
			runOnlyForDeploymentPostprocessing = 0;
		};
/* End PBXResourcesBuildPhase section */

/* Begin PBXSourcesBuildPhase section */
		77790C541B0CFF8900E77D6E /* Sources */ = {
			isa = PBXSourcesBuildPhase;
			buildActionMask = 2147483647;
			files = (
				7744F1211B0EB80100E0AE4F /* TTTGameViewController.m in Sources */,
				7744F1241B0EC71900E0AE4F /* TTTGridView.m in Sources */,
				7798A9171B0FD30D00F36A4A /* TTTGame.m in Sources */,
				7798A91D1B10CF0F00F36A4A /* TTTGameBoard.m in Sources */,
				7798A9141B0FD0D100F36A4A /* TTTXView.m in Sources */,
				77790C611B0CFF8A00E77D6E /* AppDelegate.m in Sources */,
				7798A9241B10D80C00F36A4A /* TTTGamePlayController.m in Sources */,
				7798A9211B10D52900F36A4A /* TTTConstants.m in Sources */,
				77790C5E1B0CFF8A00E77D6E /* main.m in Sources */,
				7798A9111B0FCB8400F36A4A /* TTTCircleView.m in Sources */,
				7798A91A1B0FD31800F36A4A /* TTTPlayer.m in Sources */,
			);
			runOnlyForDeploymentPostprocessing = 0;
		};
/* End PBXSourcesBuildPhase section */

/* Begin PBXVariantGroup section */
		77790C6A1B0CFF8A00E77D6E /* LaunchScreen.xib */ = {
			isa = PBXVariantGroup;
			children = (
				77790C6B1B0CFF8A00E77D6E /* Base */,
			);
			name = LaunchScreen.xib;
			sourceTree = "<group>";
		};
/* End PBXVariantGroup section */

/* Begin XCBuildConfiguration section */
		77790C791B0CFF8A00E77D6E /* Debug */ = {
			isa = XCBuildConfiguration;
			buildSettings = {
				ALWAYS_SEARCH_USER_PATHS = NO;
				CLANG_CXX_LANGUAGE_STANDARD = "gnu++0x";
				CLANG_CXX_LIBRARY = "libc++";
				CLANG_ENABLE_MODULES = YES;
				CLANG_ENABLE_OBJC_ARC = YES;
				CLANG_WARN_BOOL_CONVERSION = YES;
				CLANG_WARN_CONSTANT_CONVERSION = YES;
				CLANG_WARN_DIRECT_OBJC_ISA_USAGE = YES_ERROR;
				CLANG_WARN_EMPTY_BODY = YES;
				CLANG_WARN_ENUM_CONVERSION = YES;
				CLANG_WARN_INT_CONVERSION = YES;
				CLANG_WARN_OBJC_ROOT_CLASS = YES_ERROR;
				CLANG_WARN_UNREACHABLE_CODE = YES;
				CLANG_WARN__DUPLICATE_METHOD_MATCH = YES;
				"CODE_SIGN_IDENTITY[sdk=iphoneos*]" = "iPhone Developer";
				COPY_PHASE_STRIP = NO;
				DEBUG_INFORMATION_FORMAT = "dwarf-with-dsym";
				ENABLE_STRICT_OBJC_MSGSEND = YES;
				GCC_C_LANGUAGE_STANDARD = gnu99;
				GCC_DYNAMIC_NO_PIC = NO;
				GCC_NO_COMMON_BLOCKS = YES;
				GCC_OPTIMIZATION_LEVEL = 0;
				GCC_PREPROCESSOR_DEFINITIONS = (
					"DEBUG=1",
					"$(inherited)",
				);
				GCC_SYMBOLS_PRIVATE_EXTERN = NO;
				GCC_WARN_64_TO_32_BIT_CONVERSION = YES;
				GCC_WARN_ABOUT_RETURN_TYPE = YES_ERROR;
				GCC_WARN_UNDECLARED_SELECTOR = YES;
				GCC_WARN_UNINITIALIZED_AUTOS = YES_AGGRESSIVE;
				GCC_WARN_UNUSED_FUNCTION = YES;
				GCC_WARN_UNUSED_VARIABLE = YES;
				IPHONEOS_DEPLOYMENT_TARGET = 8.3;
				MTL_ENABLE_DEBUG_INFO = YES;
				ONLY_ACTIVE_ARCH = YES;
				SDKROOT = iphoneos;
			};
			name = Debug;
		};
		77790C7A1B0CFF8A00E77D6E /* Release */ = {
			isa = XCBuildConfiguration;
			buildSettings = {
				ALWAYS_SEARCH_USER_PATHS = NO;
				CLANG_CXX_LANGUAGE_STANDARD = "gnu++0x";
				CLANG_CXX_LIBRARY = "libc++";
				CLANG_ENABLE_MODULES = YES;
				CLANG_ENABLE_OBJC_ARC = YES;
				CLANG_WARN_BOOL_CONVERSION = YES;
				CLANG_WARN_CONSTANT_CONVERSION = YES;
				CLANG_WARN_DIRECT_OBJC_ISA_USAGE = YES_ERROR;
				CLANG_WARN_EMPTY_BODY = YES;
				CLANG_WARN_ENUM_CONVERSION = YES;
				CLANG_WARN_INT_CONVERSION = YES;
				CLANG_WARN_OBJC_ROOT_CLASS = YES_ERROR;
				CLANG_WARN_UNREACHABLE_CODE = YES;
				CLANG_WARN__DUPLICATE_METHOD_MATCH = YES;
				"CODE_SIGN_IDENTITY[sdk=iphoneos*]" = "iPhone Developer";
				COPY_PHASE_STRIP = NO;
				DEBUG_INFORMATION_FORMAT = "dwarf-with-dsym";
				ENABLE_NS_ASSERTIONS = NO;
				ENABLE_STRICT_OBJC_MSGSEND = YES;
				GCC_C_LANGUAGE_STANDARD = gnu99;
				GCC_NO_COMMON_BLOCKS = YES;
				GCC_WARN_64_TO_32_BIT_CONVERSION = YES;
				GCC_WARN_ABOUT_RETURN_TYPE = YES_ERROR;
				GCC_WARN_UNDECLARED_SELECTOR = YES;
				GCC_WARN_UNINITIALIZED_AUTOS = YES_AGGRESSIVE;
				GCC_WARN_UNUSED_FUNCTION = YES;
				GCC_WARN_UNUSED_VARIABLE = YES;
				IPHONEOS_DEPLOYMENT_TARGET = 8.3;
				MTL_ENABLE_DEBUG_INFO = NO;
				SDKROOT = iphoneos;
				VALIDATE_PRODUCT = YES;
			};
			name = Release;
		};
		77790C7C1B0CFF8A00E77D6E /* Debug */ = {
			isa = XCBuildConfiguration;
			buildSettings = {
				ASSETCATALOG_COMPILER_APPICON_NAME = AppIcon;
				INFOPLIST_FILE = TicTacToe/Info.plist;
				LD_RUNPATH_SEARCH_PATHS = "$(inherited) @executable_path/Frameworks";
				PRODUCT_NAME = "$(TARGET_NAME)";
			};
			name = Debug;
		};
		77790C7D1B0CFF8A00E77D6E /* Release */ = {
			isa = XCBuildConfiguration;
			buildSettings = {
				ASSETCATALOG_COMPILER_APPICON_NAME = AppIcon;
				INFOPLIST_FILE = TicTacToe/Info.plist;
				LD_RUNPATH_SEARCH_PATHS = "$(inherited) @executable_path/Frameworks";
				PRODUCT_NAME = "$(TARGET_NAME)";
			};
			name = Release;
		};
/* End XCBuildConfiguration section */

/* Begin XCConfigurationList section */
		77790C531B0CFF8900E77D6E /* Build configuration list for PBXProject "TicTacToe" */ = {
			isa = XCConfigurationList;
			buildConfigurations = (
				77790C791B0CFF8A00E77D6E /* Debug */,
				77790C7A1B0CFF8A00E77D6E /* Release */,
			);
			defaultConfigurationIsVisible = 0;
			defaultConfigurationName = Release;
		};
		77790C7B1B0CFF8A00E77D6E /* Build configuration list for PBXNativeTarget "TicTacToe" */ = {
			isa = XCConfigurationList;
			buildConfigurations = (
				77790C7C1B0CFF8A00E77D6E /* Debug */,
				77790C7D1B0CFF8A00E77D6E /* Release */,
			);
			defaultConfigurationIsVisible = 0;
			defaultConfigurationName = Release;
		};
/* End XCConfigurationList section */
	};
	rootObject = 77790C501B0CFF8900E77D6E /* Project object */;
}
